
Microsoft Visual Studio Solution File, Format Version 12.00
# Visual Studio Version 17
VisualStudioVersion = 17.14.36518.9
MinimumVisualStudioVersion = 10.0.40219.1
Project("{FAE04EC0-301F-11D3-BF4B-00C04F79EFBC}") = "01_IntroToC#", "01_IntroToC#\01_IntroToC#.csproj", "{253FFD97-C97B-49F0-A4F9-055D54440D89}"
EndProject
Project("{FAE04EC0-301F-11D3-BF4B-00C04F79EFBC}") = "02_Array", "02_Array\02_Array.csproj", "{59641C03-9418-4960-A19B-B01B729F5EF8}"
EndProject
Project("{FAE04EC0-301F-11D3-BF4B-00C04F79EFBC}") = "03_String", "03_String\03_String.csproj", "{8934D796-8351-44B4-BCAC-C8D49748688B}"
EndProject
Project("{FAE04EC0-301F-11D3-BF4B-00C04F79EFBC}") = "04_StringBuilder", "04_StringBuilder\04_StringBuilder.csproj", "{FB48BA4D-CF16-4C3D-ACEC-28519F1C89BE}"
EndProject
Project("{FAE04EC0-301F-11D3-BF4B-00C04F79EFBC}") = "05_IntroToOOP", "05_IntroToOOP\05_IntroToOOP.csproj", "{BB2EC722-178B-4CB3-A376-080C95153C31}"
EndProject
Project("{FAE04EC0-301F-11D3-BF4B-00C04F79EFBC}") = "06_StructClassRefOutParams", "06_StructClassRefOutParams\06_StructClassRefOutParams.csproj", "{BC02C97E-6BB5-440F-A66D-0AC4FCA69F75}"
EndProject
Project("{FAE04EC0-301F-11D3-BF4B-00C04F79EFBC}") = "07_Exeptions", "07_Exeptions\07_Exeptions.csproj", "{31FCB2F4-FE17-4D5E-A5F1-9A1287BEDF09}"
EndProject
Project("{FAE04EC0-301F-11D3-BF4B-00C04F79EFBC}") = "08_OverloadOperators", "08_OverloadOperators\08_OverloadOperators.csproj", "{4734EC02-1F88-40D6-87AE-EBA5E73D29C9}"
EndProject
Project("{FAE04EC0-301F-11D3-BF4B-00C04F79EFBC}") = "09_Inheritance", "09_Inheritance\09_Inheritance.csproj", "{64077CC0-BA59-42E9-BF95-28E0AF24D2D6}"
EndProject
Project("{FAE04EC0-301F-11D3-BF4B-00C04F79EFBC}") = "10_Indexers", "10_Indexers\10_Indexers.csproj", "{A4E5A6DF-BC46-4564-902E-E0621DF0E0A8}"
EndProject
Project("{FAE04EC0-301F-11D3-BF4B-00C04F79EFBC}") = "11_Interfaces", "11_Interfaces\11_Interfaces.csproj", "{0ED5C98D-6EAB-47A5-9CC6-2ADA97721D03}"
EndProject
Global
	GlobalSection(SolutionConfigurationPlatforms) = preSolution
		Debug|Any CPU = Debug|Any CPU
		Release|Any CPU = Release|Any CPU
	EndGlobalSection
	GlobalSection(ProjectConfigurationPlatforms) = postSolution
		{253FFD97-C97B-49F0-A4F9-055D54440D89}.Debug|Any CPU.ActiveCfg = Debug|Any CPU
		{253FFD97-C97B-49F0-A4F9-055D54440D89}.Debug|Any CPU.Build.0 = Debug|Any CPU
		{253FFD97-C97B-49F0-A4F9-055D54440D89}.Release|Any CPU.ActiveCfg = Release|Any CPU
		{253FFD97-C97B-49F0-A4F9-055D54440D89}.Release|Any CPU.Build.0 = Release|Any CPU
		{59641C03-9418-4960-A19B-B01B729F5EF8}.Debug|Any CPU.ActiveCfg = Debug|Any CPU
		{59641C03-9418-4960-A19B-B01B729F5EF8}.Debug|Any CPU.Build.0 = Debug|Any CPU
		{59641C03-9418-4960-A19B-B01B729F5EF8}.Release|Any CPU.ActiveCfg = Release|Any CPU
		{59641C03-9418-4960-A19B-B01B729F5EF8}.Release|Any CPU.Build.0 = Release|Any CPU
		{8934D796-8351-44B4-BCAC-C8D49748688B}.Debug|Any CPU.ActiveCfg = Debug|Any CPU
		{8934D796-8351-44B4-BCAC-C8D49748688B}.Debug|Any CPU.Build.0 = Debug|Any CPU
		{8934D796-8351-44B4-BCAC-C8D49748688B}.Release|Any CPU.ActiveCfg = Release|Any CPU
		{8934D796-8351-44B4-BCAC-C8D49748688B}.Release|Any CPU.Build.0 = Release|Any CPU
		{FB48BA4D-CF16-4C3D-ACEC-28519F1C89BE}.Debug|Any CPU.ActiveCfg = Debug|Any CPU
		{FB48BA4D-CF16-4C3D-ACEC-28519F1C89BE}.Debug|Any CPU.Build.0 = Debug|Any CPU
		{FB48BA4D-CF16-4C3D-ACEC-28519F1C89BE}.Release|Any CPU.ActiveCfg = Release|Any CPU
		{FB48BA4D-CF16-4C3D-ACEC-28519F1C89BE}.Release|Any CPU.Build.0 = Release|Any CPU
		{BB2EC722-178B-4CB3-A376-080C95153C31}.Debug|Any CPU.ActiveCfg = Debug|Any CPU
		{BB2EC722-178B-4CB3-A376-080C95153C31}.Debug|Any CPU.Build.0 = Debug|Any CPU
		{BB2EC722-178B-4CB3-A376-080C95153C31}.Release|Any CPU.ActiveCfg = Release|Any CPU
		{BB2EC722-178B-4CB3-A376-080C95153C31}.Release|Any CPU.Build.0 = Release|Any CPU
		{BC02C97E-6BB5-440F-A66D-0AC4FCA69F75}.Debug|Any CPU.ActiveCfg = Debug|Any CPU
		{BC02C97E-6BB5-440F-A66D-0AC4FCA69F75}.Debug|Any CPU.Build.0 = Debug|Any CPU
		{BC02C97E-6BB5-440F-A66D-0AC4FCA69F75}.Release|Any CPU.ActiveCfg = Release|Any CPU
		{BC02C97E-6BB5-440F-A66D-0AC4FCA69F75}.Release|Any CPU.Build.0 = Release|Any CPU
		{31FCB2F4-FE17-4D5E-A5F1-9A1287BEDF09}.Debug|Any CPU.ActiveCfg = Debug|Any CPU
		{31FCB2F4-FE17-4D5E-A5F1-9A1287BEDF09}.Debug|Any CPU.Build.0 = Debug|Any CPU
		{31FCB2F4-FE17-4D5E-A5F1-9A1287BEDF09}.Release|Any CPU.ActiveCfg = Release|Any CPU
		{31FCB2F4-FE17-4D5E-A5F1-9A1287BEDF09}.Release|Any CPU.Build.0 = Release|Any CPU
		{4734EC02-1F88-40D6-87AE-EBA5E73D29C9}.Debug|Any CPU.ActiveCfg = Debug|Any CPU
		{4734EC02-1F88-40D6-87AE-EBA5E73D29C9}.Debug|Any CPU.Build.0 = Debug|Any CPU
		{4734EC02-1F88-40D6-87AE-EBA5E73D29C9}.Release|Any CPU.ActiveCfg = Release|Any CPU
		{4734EC02-1F88-40D6-87AE-EBA5E73D29C9}.Release|Any CPU.Build.0 = Release|Any CPU
		{64077CC0-BA59-42E9-BF95-28E0AF24D2D6}.Debug|Any CPU.ActiveCfg = Debug|Any CPU
		{64077CC0-BA59-42E9-BF95-28E0AF24D2D6}.Debug|Any CPU.Build.0 = Debug|Any CPU
		{64077CC0-BA59-42E9-BF95-28E0AF24D2D6}.Release|Any CPU.ActiveCfg = Release|Any CPU
		{64077CC0-BA59-42E9-BF95-28E0AF24D2D6}.Release|Any CPU.Build.0 = Release|Any CPU
		{A4E5A6DF-BC46-4564-902E-E0621DF0E0A8}.Debug|Any CPU.ActiveCfg = Debug|Any CPU
		{A4E5A6DF-BC46-4564-902E-E0621DF0E0A8}.Debug|Any CPU.Build.0 = Debug|Any CPU
		{A4E5A6DF-BC46-4564-902E-E0621DF0E0A8}.Release|Any CPU.ActiveCfg = Release|Any CPU
		{A4E5A6DF-BC46-4564-902E-E0621DF0E0A8}.Release|Any CPU.Build.0 = Release|Any CPU
		{0ED5C98D-6EAB-47A5-9CC6-2ADA97721D03}.Debug|Any CPU.ActiveCfg = Debug|Any CPU
		{0ED5C98D-6EAB-47A5-9CC6-2ADA97721D03}.Debug|Any CPU.Build.0 = Debug|Any CPU
		{0ED5C98D-6EAB-47A5-9CC6-2ADA97721D03}.Release|Any CPU.ActiveCfg = Release|Any CPU
		{0ED5C98D-6EAB-47A5-9CC6-2ADA97721D03}.Release|Any CPU.Build.0 = Release|Any CPU
	EndGlobalSection
	GlobalSection(SolutionProperties) = preSolution
		HideSolutionNode = FALSE
	EndGlobalSection
	GlobalSection(ExtensibilityGlobals) = postSolution
		SolutionGuid = {27C4ACBA-1192-4F11-AAFA-A167F914003D}
	EndGlobalSection
EndGlobal
